// !$*UTF8*$!
{
	archiveVersion = 1;
	classes = {
	};
	objectVersion = 56;
	objects = {

/* Begin PBXBuildFile section */
		854229642DCBFA5700965106 /* AppDelegate.swift in Sources */ = {isa = PBXBuildFile; fileRef = 854229632DCBFA5700965106 /* AppDelegate.swift */; };
		854229662DCBFA5700965106 /* SceneDelegate.swift in Sources */ = {isa = PBXBuildFile; fileRef = 854229652DCBFA5700965106 /* SceneDelegate.swift */; };
		854229682DCBFA5700965106 /* ViewController.swift in Sources */ = {isa = PBXBuildFile; fileRef = 854229672DCBFA5700965106 /* ViewController.swift */; };
		8542296D2DCBFA5800965106 /* Assets.xcassets in Resources */ = {isa = PBXBuildFile; fileRef = 8542296C2DCBFA5800965106 /* Assets.xcassets */; };
		854229702DCBFA5800965106 /* Base in Resources */ = {isa = PBXBuildFile; fileRef = 8542296F2DCBFA5800965106 /* Base */; };
		854229792DCCAA0A00965106 /* SnapKit in Frameworks */ = {isa = PBXBuildFile; productRef = 854229782DCCAA0A00965106 /* SnapKit */; };
		8542297B2DCCACC700965106 /* .gitignore in Resources */ = {isa = PBXBuildFile; fileRef = 8542297A2DCCACC700965106 /* .gitignore */; };
		854229872DCCBB8E00965106 /* AppCoordinator.swift in Sources */ = {isa = PBXBuildFile; fileRef = 854229862DCCBB8E00965106 /* AppCoordinator.swift */; };
		854229892DCCC3C100965106 /* UserSessionService.swift in Sources */ = {isa = PBXBuildFile; fileRef = 854229882DCCC3C100965106 /* UserSessionService.swift */; };
		8542298B2DCCD78800965106 /* AuthViewController.swift in Sources */ = {isa = PBXBuildFile; fileRef = 8542298A2DCCD78800965106 /* AuthViewController.swift */; };
		8542298D2DCCD9C200965106 /* CryptoListViewController.swift in Sources */ = {isa = PBXBuildFile; fileRef = 8542298C2DCCD9C200965106 /* CryptoListViewController.swift */; };
		8542298F2DCCEB4F00965106 /* AppFlow.swift in Sources */ = {isa = PBXBuildFile; fileRef = 8542298E2DCCEB4F00965106 /* AppFlow.swift */; };
		854229912DCCEB6D00965106 /* Coin.swift in Sources */ = {isa = PBXBuildFile; fileRef = 854229902DCCEB6D00965106 /* Coin.swift */; };
		854229932DCCEE5E00965106 /* CoinDetailViewController.swift in Sources */ = {isa = PBXBuildFile; fileRef = 854229922DCCEE5E00965106 /* CoinDetailViewController.swift */; };
/* End PBXBuildFile section */

/* Begin PBXFileReference section */
		854229602DCBFA5700965106 /* Crypto wallet.app */ = {isa = PBXFileReference; explicitFileType = wrapper.application; includeInIndex = 0; path = "Crypto wallet.app"; sourceTree = BUILT_PRODUCTS_DIR; };
		854229632DCBFA5700965106 /* AppDelegate.swift */ = {isa = PBXFileReference; lastKnownFileType = sourcecode.swift; path = AppDelegate.swift; sourceTree = "<group>"; };
		854229652DCBFA5700965106 /* SceneDelegate.swift */ = {isa = PBXFileReference; lastKnownFileType = sourcecode.swift; path = SceneDelegate.swift; sourceTree = "<group>"; };
		854229672DCBFA5700965106 /* ViewController.swift */ = {isa = PBXFileReference; lastKnownFileType = sourcecode.swift; path = ViewController.swift; sourceTree = "<group>"; };
		8542296C2DCBFA5800965106 /* Assets.xcassets */ = {isa = PBXFileReference; lastKnownFileType = folder.assetcatalog; path = Assets.xcassets; sourceTree = "<group>"; };
		8542296F2DCBFA5800965106 /* Base */ = {isa = PBXFileReference; lastKnownFileType = file.storyboard; name = Base; path = Base.lproj/LaunchScreen.storyboard; sourceTree = "<group>"; };
		854229712DCBFA5800965106 /* Info.plist */ = {isa = PBXFileReference; lastKnownFileType = text.plist.xml; path = Info.plist; sourceTree = "<group>"; };
		8542297A2DCCACC700965106 /* .gitignore */ = {isa = PBXFileReference; lastKnownFileType = text; path = .gitignore; sourceTree = "<group>"; };
		854229862DCCBB8E00965106 /* AppCoordinator.swift */ = {isa = PBXFileReference; lastKnownFileType = sourcecode.swift; path = AppCoordinator.swift; sourceTree = "<group>"; };
		854229882DCCC3C100965106 /* UserSessionService.swift */ = {isa = PBXFileReference; lastKnownFileType = sourcecode.swift; path = UserSessionService.swift; sourceTree = "<group>"; };
		8542298A2DCCD78800965106 /* AuthViewController.swift */ = {isa = PBXFileReference; lastKnownFileType = sourcecode.swift; path = AuthViewController.swift; sourceTree = "<group>"; };
		8542298C2DCCD9C200965106 /* CryptoListViewController.swift */ = {isa = PBXFileReference; lastKnownFileType = sourcecode.swift; path = CryptoListViewController.swift; sourceTree = "<group>"; };
		8542298E2DCCEB4F00965106 /* AppFlow.swift */ = {isa = PBXFileReference; lastKnownFileType = sourcecode.swift; path = AppFlow.swift; sourceTree = "<group>"; };
		854229902DCCEB6D00965106 /* Coin.swift */ = {isa = PBXFileReference; lastKnownFileType = sourcecode.swift; path = Coin.swift; sourceTree = "<group>"; };
		854229922DCCEE5E00965106 /* CoinDetailViewController.swift */ = {isa = PBXFileReference; lastKnownFileType = sourcecode.swift; path = CoinDetailViewController.swift; sourceTree = "<group>"; };
/* End PBXFileReference section */

/* Begin PBXFrameworksBuildPhase section */
		8542295D2DCBFA5700965106 /* Frameworks */ = {
			isa = PBXFrameworksBuildPhase;
			buildActionMask = 2147483647;
			files = (
				854229792DCCAA0A00965106 /* SnapKit in Frameworks */,
			);
			runOnlyForDeploymentPostprocessing = 0;
		};
/* End PBXFrameworksBuildPhase section */

/* Begin PBXGroup section */
		854229572DCBFA5700965106 = {
			isa = PBXGroup;
			children = (
				854229622DCBFA5700965106 /* Crypto wallet */,
				8542297A2DCCACC700965106 /* .gitignore */,
				854229612DCBFA5700965106 /* Products */,
			);
			sourceTree = "<group>";
		};
		854229612DCBFA5700965106 /* Products */ = {
			isa = PBXGroup;
			children = (
				854229602DCBFA5700965106 /* Crypto wallet.app */,
			);
			name = Products;
			sourceTree = "<group>";
		};
		854229622DCBFA5700965106 /* Crypto wallet */ = {
			isa = PBXGroup;
			children = (
				8542297C2DCCAD2900965106 /* Sources */,
				854229632DCBFA5700965106 /* AppDelegate.swift */,
				854229652DCBFA5700965106 /* SceneDelegate.swift */,
				8542296C2DCBFA5800965106 /* Assets.xcassets */,
				8542296E2DCBFA5800965106 /* LaunchScreen.storyboard */,
				854229712DCBFA5800965106 /* Info.plist */,
			);
			path = "Crypto wallet";
			sourceTree = "<group>";
		};
		8542297C2DCCAD2900965106 /* Sources */ = {
			isa = PBXGroup;
			children = (
				854229852DCCB42800965106 /* Coordinator */,
				854229802DCCB1DF00965106 /* Utils */,
				8542297F2DCCB1CE00965106 /* Models */,
				8542297E2DCCAD5600965106 /* Services */,
				8542297D2DCCAD4700965106 /* Modules */,
			);
			path = Sources;
			sourceTree = "<group>";
		};
		8542297D2DCCAD4700965106 /* Modules */ = {
			isa = PBXGroup;
			children = (
				854229832DCCB22D00965106 /* CoinDetail */,
				854229822DCCB22100965106 /* CryptoList */,
				854229812DCCB1FF00965106 /* Auth */,
			);
			path = Modules;
			sourceTree = "<group>";
		};
		8542297E2DCCAD5600965106 /* Services */ = {
			isa = PBXGroup;
			children = (
				854229882DCCC3C100965106 /* UserSessionService.swift */,
			);
			path = Services;
			sourceTree = "<group>";
		};
		8542297F2DCCB1CE00965106 /* Models */ = {
			isa = PBXGroup;
			children = (
				854229902DCCEB6D00965106 /* Coin.swift */,
			);
			path = Models;
			sourceTree = "<group>";
		};
		854229802DCCB1DF00965106 /* Utils */ = {
			isa = PBXGroup;
			children = (
			);
			path = Utils;
			sourceTree = "<group>";
		};
		854229812DCCB1FF00965106 /* Auth */ = {
			isa = PBXGroup;
			children = (
				854229672DCBFA5700965106 /* ViewController.swift */,
				8542298A2DCCD78800965106 /* AuthViewController.swift */,
			);
			path = Auth;
			sourceTree = "<group>";
		};
		854229822DCCB22100965106 /* CryptoList */ = {
			isa = PBXGroup;
			children = (
				8542298C2DCCD9C200965106 /* CryptoListViewController.swift */,
			);
			path = CryptoList;
			sourceTree = "<group>";
		};
		854229832DCCB22D00965106 /* CoinDetail */ = {
			isa = PBXGroup;
			children = (
				854229922DCCEE5E00965106 /* CoinDetailViewController.swift */,
			);
			path = CoinDetail;
			sourceTree = "<group>";
		};
		854229852DCCB42800965106 /* Coordinator */ = {
			isa = PBXGroup;
			children = (
				854229862DCCBB8E00965106 /* AppCoordinator.swift */,
				8542298E2DCCEB4F00965106 /* AppFlow.swift */,
			);
			path = Coordinator;
			sourceTree = "<group>";
		};
/* End PBXGroup section */

/* Begin PBXNativeTarget section */
		8542295F2DCBFA5700965106 /* Crypto wallet */ = {
			isa = PBXNativeTarget;
			buildConfigurationList = 854229742DCBFA5800965106 /* Build configuration list for PBXNativeTarget "Crypto wallet" */;
			buildPhases = (
				8542295C2DCBFA5700965106 /* Sources */,
				8542295D2DCBFA5700965106 /* Frameworks */,
				8542295E2DCBFA5700965106 /* Resources */,
			);
			buildRules = (
			);
			dependencies = (
			);
			name = "Crypto wallet";
			packageProductDependencies = (
				854229782DCCAA0A00965106 /* SnapKit */,
			);
			productName = "Crypto wallet";
			productReference = 854229602DCBFA5700965106 /* Crypto wallet.app */;
			productType = "com.apple.product-type.application";
		};
/* End PBXNativeTarget section */

/* Begin PBXProject section */
		854229582DCBFA5700965106 /* Project object */ = {
			isa = PBXProject;
			attributes = {
				BuildIndependentTargetsInParallel = 1;
				LastSwiftUpdateCheck = 1530;
				LastUpgradeCheck = 1530;
				TargetAttributes = {
					8542295F2DCBFA5700965106 = {
						CreatedOnToolsVersion = 15.3;
					};
				};
			};
			buildConfigurationList = 8542295B2DCBFA5700965106 /* Build configuration list for PBXProject "Crypto wallet" */;
			compatibilityVersion = "Xcode 14.0";
			developmentRegion = en;
			hasScannedForEncodings = 0;
			knownRegions = (
				en,
				Base,
			);
			mainGroup = 854229572DCBFA5700965106;
			packageReferences = (
				854229772DCCAA0A00965106 /* XCRemoteSwiftPackageReference "SnapKit" */,
			);
			productRefGroup = 854229612DCBFA5700965106 /* Products */;
			projectDirPath = "";
			projectRoot = "";
			targets = (
				8542295F2DCBFA5700965106 /* Crypto wallet */,
			);
		};
/* End PBXProject section */

/* Begin PBXResourcesBuildPhase section */
		8542295E2DCBFA5700965106 /* Resources */ = {
			isa = PBXResourcesBuildPhase;
			buildActionMask = 2147483647;
			files = (
				8542296D2DCBFA5800965106 /* Assets.xcassets in Resources */,
				8542297B2DCCACC700965106 /* .gitignore in Resources */,
				854229702DCBFA5800965106 /* Base in Resources */,
			);
			runOnlyForDeploymentPostprocessing = 0;
		};
/* End PBXResourcesBuildPhase section */

/* Begin PBXSourcesBuildPhase section */
		8542295C2DCBFA5700965106 /* Sources */ = {
			isa = PBXSourcesBuildPhase;
			buildActionMask = 2147483647;
			files = (
				854229912DCCEB6D00965106 /* Coin.swift in Sources */,
				8542298D2DCCD9C200965106 /* CryptoListViewController.swift in Sources */,
				8542298F2DCCEB4F00965106 /* AppFlow.swift in Sources */,
				854229872DCCBB8E00965106 /* AppCoordinator.swift in Sources */,
				854229932DCCEE5E00965106 /* CoinDetailViewController.swift in Sources */,
				854229892DCCC3C100965106 /* UserSessionService.swift in Sources */,
				854229682DCBFA5700965106 /* ViewController.swift in Sources */,
				854229642DCBFA5700965106 /* AppDelegate.swift in Sources */,
				8542298B2DCCD78800965106 /* AuthViewController.swift in Sources */,
				854229662DCBFA5700965106 /* SceneDelegate.swift in Sources */,
			);
			runOnlyForDeploymentPostprocessing = 0;
		};
/* End PBXSourcesBuildPhase section */

/* Begin PBXVariantGroup section */
		8542296E2DCBFA5800965106 /* LaunchScreen.storyboard */ = {
			isa = PBXVariantGroup;
			children = (
				8542296F2DCBFA5800965106 /* Base */,
			);
			name = LaunchScreen.storyboard;
			sourceTree = "<group>";
		};
/* End PBXVariantGroup section */

/* Begin XCBuildConfiguration section */
		854229722DCBFA5800965106 /* Debug */ = {
			isa = XCBuildConfiguration;
			buildSettings = {
				ALWAYS_SEARCH_USER_PATHS = NO;
				ASSETCATALOG_COMPILER_GENERATE_SWIFT_ASSET_SYMBOL_EXTENSIONS = YES;
				CLANG_ANALYZER_NONNULL = YES;
				CLANG_ANALYZER_NUMBER_OBJECT_CONVERSION = YES_AGGRESSIVE;
				CLANG_CXX_LANGUAGE_STANDARD = "gnu++20";
				CLANG_ENABLE_MODULES = YES;
				CLANG_ENABLE_OBJC_ARC = YES;
				CLANG_ENABLE_OBJC_WEAK = YES;
				CLANG_WARN_BLOCK_CAPTURE_AUTORELEASING = YES;
				CLANG_WARN_BOOL_CONVERSION = YES;
				CLANG_WARN_COMMA = YES;
				CLANG_WARN_CONSTANT_CONVERSION = YES;
				CLANG_WARN_DEPRECATED_OBJC_IMPLEMENTATIONS = YES;
				CLANG_WARN_DIRECT_OBJC_ISA_USAGE = YES_ERROR;
				CLANG_WARN_DOCUMENTATION_COMMENTS = YES;
				CLANG_WARN_EMPTY_BODY = YES;
				CLANG_WARN_ENUM_CONVERSION = YES;
				CLANG_WARN_INFINITE_RECURSION = YES;
				CLANG_WARN_INT_CONVERSION = YES;
				CLANG_WARN_NON_LITERAL_NULL_CONVERSION = YES;
				CLANG_WARN_OBJC_IMPLICIT_RETAIN_SELF = YES;
				CLANG_WARN_OBJC_LITERAL_CONVERSION = YES;
				CLANG_WARN_OBJC_ROOT_CLASS = YES_ERROR;
				CLANG_WARN_QUOTED_INCLUDE_IN_FRAMEWORK_HEADER = YES;
				CLANG_WARN_RANGE_LOOP_ANALYSIS = YES;
				CLANG_WARN_STRICT_PROTOTYPES = YES;
				CLANG_WARN_SUSPICIOUS_MOVE = YES;
				CLANG_WARN_UNGUARDED_AVAILABILITY = YES_AGGRESSIVE;
				CLANG_WARN_UNREACHABLE_CODE = YES;
				CLANG_WARN__DUPLICATE_METHOD_MATCH = YES;
				COPY_PHASE_STRIP = NO;
				DEBUG_INFORMATION_FORMAT = dwarf;
				ENABLE_STRICT_OBJC_MSGSEND = YES;
				ENABLE_TESTABILITY = YES;
				ENABLE_USER_SCRIPT_SANDBOXING = YES;
				GCC_C_LANGUAGE_STANDARD = gnu17;
				GCC_DYNAMIC_NO_PIC = NO;
				GCC_NO_COMMON_BLOCKS = YES;
				GCC_OPTIMIZATION_LEVEL = 0;
				GCC_PREPROCESSOR_DEFINITIONS = (
					"DEBUG=1",
					"$(inherited)",
				);
				GCC_WARN_64_TO_32_BIT_CONVERSION = YES;
				GCC_WARN_ABOUT_RETURN_TYPE = YES_ERROR;
				GCC_WARN_UNDECLARED_SELECTOR = YES;
				GCC_WARN_UNINITIALIZED_AUTOS = YES_AGGRESSIVE;
				GCC_WARN_UNUSED_FUNCTION = YES;
				GCC_WARN_UNUSED_VARIABLE = YES;
				IPHONEOS_DEPLOYMENT_TARGET = 17.4;
				LOCALIZATION_PREFERS_STRING_CATALOGS = YES;
				MTL_ENABLE_DEBUG_INFO = INCLUDE_SOURCE;
				MTL_FAST_MATH = YES;
				ONLY_ACTIVE_ARCH = YES;
				SDKROOT = iphoneos;
				SWIFT_ACTIVE_COMPILATION_CONDITIONS = "DEBUG $(inherited)";
				SWIFT_OPTIMIZATION_LEVEL = "-Onone";
			};
			name = Debug;
		};
		854229732DCBFA5800965106 /* Release */ = {
			isa = XCBuildConfiguration;
			buildSettings = {
				ALWAYS_SEARCH_USER_PATHS = NO;
				ASSETCATALOG_COMPILER_GENERATE_SWIFT_ASSET_SYMBOL_EXTENSIONS = YES;
				CLANG_ANALYZER_NONNULL = YES;
				CLANG_ANALYZER_NUMBER_OBJECT_CONVERSION = YES_AGGRESSIVE;
				CLANG_CXX_LANGUAGE_STANDARD = "gnu++20";
				CLANG_ENABLE_MODULES = YES;
				CLANG_ENABLE_OBJC_ARC = YES;
				CLANG_ENABLE_OBJC_WEAK = YES;
				CLANG_WARN_BLOCK_CAPTURE_AUTORELEASING = YES;
				CLANG_WARN_BOOL_CONVERSION = YES;
				CLANG_WARN_COMMA = YES;
				CLANG_WARN_CONSTANT_CONVERSION = YES;
				CLANG_WARN_DEPRECATED_OBJC_IMPLEMENTATIONS = YES;
				CLANG_WARN_DIRECT_OBJC_ISA_USAGE = YES_ERROR;
				CLANG_WARN_DOCUMENTATION_COMMENTS = YES;
				CLANG_WARN_EMPTY_BODY = YES;
				CLANG_WARN_ENUM_CONVERSION = YES;
				CLANG_WARN_INFINITE_RECURSION = YES;
				CLANG_WARN_INT_CONVERSION = YES;
				CLANG_WARN_NON_LITERAL_NULL_CONVERSION = YES;
				CLANG_WARN_OBJC_IMPLICIT_RETAIN_SELF = YES;
				CLANG_WARN_OBJC_LITERAL_CONVERSION = YES;
				CLANG_WARN_OBJC_ROOT_CLASS = YES_ERROR;
				CLANG_WARN_QUOTED_INCLUDE_IN_FRAMEWORK_HEADER = YES;
				CLANG_WARN_RANGE_LOOP_ANALYSIS = YES;
				CLANG_WARN_STRICT_PROTOTYPES = YES;
				CLANG_WARN_SUSPICIOUS_MOVE = YES;
				CLANG_WARN_UNGUARDED_AVAILABILITY = YES_AGGRESSIVE;
				CLANG_WARN_UNREACHABLE_CODE = YES;
				CLANG_WARN__DUPLICATE_METHOD_MATCH = YES;
				COPY_PHASE_STRIP = NO;
				DEBUG_INFORMATION_FORMAT = "dwarf-with-dsym";
				ENABLE_NS_ASSERTIONS = NO;
				ENABLE_STRICT_OBJC_MSGSEND = YES;
				ENABLE_USER_SCRIPT_SANDBOXING = YES;
				GCC_C_LANGUAGE_STANDARD = gnu17;
				GCC_NO_COMMON_BLOCKS = YES;
				GCC_WARN_64_TO_32_BIT_CONVERSION = YES;
				GCC_WARN_ABOUT_RETURN_TYPE = YES_ERROR;
				GCC_WARN_UNDECLARED_SELECTOR = YES;
				GCC_WARN_UNINITIALIZED_AUTOS = YES_AGGRESSIVE;
				GCC_WARN_UNUSED_FUNCTION = YES;
				GCC_WARN_UNUSED_VARIABLE = YES;
				IPHONEOS_DEPLOYMENT_TARGET = 17.4;
				LOCALIZATION_PREFERS_STRING_CATALOGS = YES;
				MTL_ENABLE_DEBUG_INFO = NO;
				MTL_FAST_MATH = YES;
				SDKROOT = iphoneos;
				SWIFT_COMPILATION_MODE = wholemodule;
				VALIDATE_PRODUCT = YES;
			};
			name = Release;
		};
		854229752DCBFA5800965106 /* Debug */ = {
			isa = XCBuildConfiguration;
			buildSettings = {
				ASSETCATALOG_COMPILER_APPICON_NAME = AppIcon;
				ASSETCATALOG_COMPILER_GLOBAL_ACCENT_COLOR_NAME = AccentColor;
				CODE_SIGN_STYLE = Automatic;
				CURRENT_PROJECT_VERSION = 1;
				DEVELOPMENT_TEAM = 22SF4Z93AM;
				GENERATE_INFOPLIST_FILE = YES;
				INFOPLIST_FILE = "Crypto wallet/Info.plist";
				INFOPLIST_KEY_UIApplicationSupportsIndirectInputEvents = YES;
				INFOPLIST_KEY_UILaunchStoryboardName = LaunchScreen;
				INFOPLIST_KEY_UISupportedInterfaceOrientations_iPad = "UIInterfaceOrientationPortrait UIInterfaceOrientationPortraitUpsideDown UIInterfaceOrientationLandscapeLeft UIInterfaceOrientationLandscapeRight";
				INFOPLIST_KEY_UISupportedInterfaceOrientations_iPhone = "UIInterfaceOrientationPortrait UIInterfaceOrientationLandscapeLeft UIInterfaceOrientationLandscapeRight";
				LD_RUNPATH_SEARCH_PATHS = (
					"$(inherited)",
					"@executable_path/Frameworks",
				);
				MARKETING_VERSION = 1.0;
				PRODUCT_BUNDLE_IDENTIFIER = "ru.hse.Crypto-wallet";
				PRODUCT_NAME = "$(TARGET_NAME)";
				SWIFT_EMIT_LOC_STRINGS = YES;
				SWIFT_VERSION = 5.0;
				TARGETED_DEVICE_FAMILY = "1,2";
			};
			name = Debug;
		};
		854229762DCBFA5800965106 /* Release */ = {
			isa = XCBuildConfiguration;
			buildSettings = {
				ASSETCATALOG_COMPILER_APPICON_NAME = AppIcon;
				ASSETCATALOG_COMPILER_GLOBAL_ACCENT_COLOR_NAME = AccentColor;
				CODE_SIGN_STYLE = Automatic;
				CURRENT_PROJECT_VERSION = 1;
				DEVELOPMENT_TEAM = 22SF4Z93AM;
				GENERATE_INFOPLIST_FILE = YES;
				INFOPLIST_FILE = "Crypto wallet/Info.plist";
				INFOPLIST_KEY_UIApplicationSupportsIndirectInputEvents = YES;
				INFOPLIST_KEY_UILaunchStoryboardName = LaunchScreen;
				INFOPLIST_KEY_UISupportedInterfaceOrientations_iPad = "UIInterfaceOrientationPortrait UIInterfaceOrientationPortraitUpsideDown UIInterfaceOrientationLandscapeLeft UIInterfaceOrientationLandscapeRight";
				INFOPLIST_KEY_UISupportedInterfaceOrientations_iPhone = "UIInterfaceOrientationPortrait UIInterfaceOrientationLandscapeLeft UIInterfaceOrientationLandscapeRight";
				LD_RUNPATH_SEARCH_PATHS = (
					"$(inherited)",
					"@executable_path/Frameworks",
				);
				MARKETING_VERSION = 1.0;
				PRODUCT_BUNDLE_IDENTIFIER = "ru.hse.Crypto-wallet";
				PRODUCT_NAME = "$(TARGET_NAME)";
				SWIFT_EMIT_LOC_STRINGS = YES;
				SWIFT_VERSION = 5.0;
				TARGETED_DEVICE_FAMILY = "1,2";
			};
			name = Release;
		};
/* End XCBuildConfiguration section */

/* Begin XCConfigurationList section */
		8542295B2DCBFA5700965106 /* Build configuration list for PBXProject "Crypto wallet" */ = {
			isa = XCConfigurationList;
			buildConfigurations = (
				854229722DCBFA5800965106 /* Debug */,
				854229732DCBFA5800965106 /* Release */,
			);
			defaultConfigurationIsVisible = 0;
			defaultConfigurationName = Release;
		};
		854229742DCBFA5800965106 /* Build configuration list for PBXNativeTarget "Crypto wallet" */ = {
			isa = XCConfigurationList;
			buildConfigurations = (
				854229752DCBFA5800965106 /* Debug */,
				854229762DCBFA5800965106 /* Release */,
			);
			defaultConfigurationIsVisible = 0;
			defaultConfigurationName = Release;
		};
/* End XCConfigurationList section */

/* Begin XCRemoteSwiftPackageReference section */
		854229772DCCAA0A00965106 /* XCRemoteSwiftPackageReference "SnapKit" */ = {
			isa = XCRemoteSwiftPackageReference;
			repositoryURL = "https://github.com/SnapKit/SnapKit.git";
			requirement = {
				kind = upToNextMajorVersion;
				minimumVersion = 5.7.1;
			};
		};
/* End XCRemoteSwiftPackageReference section */

/* Begin XCSwiftPackageProductDependency section */
		854229782DCCAA0A00965106 /* SnapKit */ = {
			isa = XCSwiftPackageProductDependency;
			package = 854229772DCCAA0A00965106 /* XCRemoteSwiftPackageReference "SnapKit" */;
			productName = SnapKit;
		};
/* End XCSwiftPackageProductDependency section */
	};
	rootObject = 854229582DCBFA5700965106 /* Project object */;
}
